{
  "name": "lotuss",
  "version": "0.0.1",
  "lockfileVersion": 1,
  "requires": true,
  "dependencies": {
    "wux-weapp": {
      "version": "3.2.0",
      "resolved": "https://registry.npmjs.org/wux-weapp/-/wux-weapp-3.2.0.tgz",
      "integrity": "sha512-lewbUdxnF/LKhyUCYu1IUDDUOoKQigp4VS3px8eaIW+fH22BGZljpb0SRUluQFQ4WlwH5BoFgyamBvru3SJhPw=="
    }
  }
}
